// !$*UTF8*$!
{
	archiveVersion = 1;
	classes = {
	};
	objectVersion = 48;
	objects = {

/* Begin PBXBuildFile section */
		5FF8024D1FC6900D00BD1019 /* AppDelegate.swift in Sources */ = {isa = PBXBuildFile; fileRef = 5FF8024C1FC6900D00BD1019 /* AppDelegate.swift */; };
		5FF8024F1FC6900D00BD1019 /* ZoomInViewController.swift in Sources */ = {isa = PBXBuildFile; fileRef = 5FF8024E1FC6900D00BD1019 /* ZoomInViewController.swift */; };
		5FF802521FC6900D00BD1019 /* Main.storyboard in Resources */ = {isa = PBXBuildFile; fileRef = 5FF802501FC6900D00BD1019 /* Main.storyboard */; };
		5FF802541FC6900D00BD1019 /* Assets.xcassets in Resources */ = {isa = PBXBuildFile; fileRef = 5FF802531FC6900D00BD1019 /* Assets.xcassets */; };
		5FF802571FC6900D00BD1019 /* LaunchScreen.storyboard in Resources */ = {isa = PBXBuildFile; fileRef = 5FF802551FC6900D00BD1019 /* LaunchScreen.storyboard */; };
		5FF8025F1FC6B8C900BD1019 /* SelectPhotoTableViewController.swift in Sources */ = {isa = PBXBuildFile; fileRef = 5FF8025E1FC6B8C900BD1019 /* SelectPhotoTableViewController.swift */; };
		5FF802611FC6BB4600BD1019 /* Photo.swift in Sources */ = {isa = PBXBuildFile; fileRef = 5FF802601FC6BB4600BD1019 /* Photo.swift */; };
		5FF802631FC6BEFC00BD1019 /* SelectPhotoTableViewCell.swift in Sources */ = {isa = PBXBuildFile; fileRef = 5FF802621FC6BEFC00BD1019 /* SelectPhotoTableViewCell.swift */; };
/* End PBXBuildFile section */

/* Begin PBXFileReference section */
		5FF802491FC6900D00BD1019 /* One-image Viewer.app */ = {isa = PBXFileReference; explicitFileType = wrapper.application; includeInIndex = 0; path = "One-image Viewer.app"; sourceTree = BUILT_PRODUCTS_DIR; };
		5FF8024C1FC6900D00BD1019 /* AppDelegate.swift */ = {isa = PBXFileReference; lastKnownFileType = sourcecode.swift; path = AppDelegate.swift; sourceTree = "<group>"; };
		5FF8024E1FC6900D00BD1019 /* ZoomInViewController.swift */ = {isa = PBXFileReference; lastKnownFileType = sourcecode.swift; path = ZoomInViewController.swift; sourceTree = "<group>"; };
		5FF802511FC6900D00BD1019 /* Base */ = {isa = PBXFileReference; lastKnownFileType = file.storyboard; name = Base; path = Base.lproj/Main.storyboard; sourceTree = "<group>"; };
		5FF802531FC6900D00BD1019 /* Assets.xcassets */ = {isa = PBXFileReference; lastKnownFileType = folder.assetcatalog; path = Assets.xcassets; sourceTree = "<group>"; };
		5FF802561FC6900D00BD1019 /* Base */ = {isa = PBXFileReference; lastKnownFileType = file.storyboard; name = Base; path = Base.lproj/LaunchScreen.storyboard; sourceTree = "<group>"; };
		5FF802581FC6900D00BD1019 /* Info.plist */ = {isa = PBXFileReference; lastKnownFileType = text.plist.xml; path = Info.plist; sourceTree = "<group>"; };
		5FF8025E1FC6B8C900BD1019 /* SelectPhotoTableViewController.swift */ = {isa = PBXFileReference; lastKnownFileType = sourcecode.swift; path = SelectPhotoTableViewController.swift; sourceTree = "<group>"; };
		5FF802601FC6BB4600BD1019 /* Photo.swift */ = {isa = PBXFileReference; lastKnownFileType = sourcecode.swift; path = Photo.swift; sourceTree = "<group>"; };
		5FF802621FC6BEFC00BD1019 /* SelectPhotoTableViewCell.swift */ = {isa = PBXFileReference; lastKnownFileType = sourcecode.swift; path = SelectPhotoTableViewCell.swift; sourceTree = "<group>"; };
/* End PBXFileReference section */

/* Begin PBXFrameworksBuildPhase section */
		5FF802461FC6900D00BD1019 /* Frameworks */ = {
			isa = PBXFrameworksBuildPhase;
			buildActionMask = 2147483647;
			files = (
			);
			runOnlyForDeploymentPostprocessing = 0;
		};
/* End PBXFrameworksBuildPhase section */

/* Begin PBXGroup section */
		5FF802401FC6900D00BD1019 = {
			isa = PBXGroup;
			children = (
				5FF8024B1FC6900D00BD1019 /* One-image Viewer */,
				5FF8024A1FC6900D00BD1019 /* Products */,
			);
			sourceTree = "<group>";
		};
		5FF8024A1FC6900D00BD1019 /* Products */ = {
			isa = PBXGroup;
			children = (
				5FF802491FC6900D00BD1019 /* One-image Viewer.app */,
			);
			name = Products;
			sourceTree = "<group>";
		};
		5FF8024B1FC6900D00BD1019 /* One-image Viewer */ = {
			isa = PBXGroup;
			children = (
				5FF8024C1FC6900D00BD1019 /* AppDelegate.swift */,
				5FF8024E1FC6900D00BD1019 /* ZoomInViewController.swift */,
				5FF8025E1FC6B8C900BD1019 /* SelectPhotoTableViewController.swift */,
				5FF802621FC6BEFC00BD1019 /* SelectPhotoTableViewCell.swift */,
				5FF802601FC6BB4600BD1019 /* Photo.swift */,
				5FF802501FC6900D00BD1019 /* Main.storyboard */,
				5FF802531FC6900D00BD1019 /* Assets.xcassets */,
				5FF802551FC6900D00BD1019 /* LaunchScreen.storyboard */,
				5FF802581FC6900D00BD1019 /* Info.plist */,
			);
			path = "One-image Viewer";
			sourceTree = "<group>";
		};
/* End PBXGroup section */

/* Begin PBXNativeTarget section */
		5FF802481FC6900D00BD1019 /* One-image Viewer */ = {
			isa = PBXNativeTarget;
			buildConfigurationList = 5FF8025B1FC6900D00BD1019 /* Build configuration list for PBXNativeTarget "One-image Viewer" */;
			buildPhases = (
				5FF802451FC6900D00BD1019 /* Sources */,
				5FF802461FC6900D00BD1019 /* Frameworks */,
				5FF802471FC6900D00BD1019 /* Resources */,
			);
			buildRules = (
			);
			dependencies = (
			);
			name = "One-image Viewer";
			productName = "One-image Viewer";
			productReference = 5FF802491FC6900D00BD1019 /* One-image Viewer.app */;
			productType = "com.apple.product-type.application";
		};
/* End PBXNativeTarget section */

/* Begin PBXProject section */
		5FF802411FC6900D00BD1019 /* Project object */ = {
			isa = PBXProject;
			attributes = {
				LastSwiftUpdateCheck = 0910;
				LastUpgradeCheck = 0910;
				ORGANIZATIONNAME = riverciao;
				TargetAttributes = {
					5FF802481FC6900D00BD1019 = {
						CreatedOnToolsVersion = 9.1;
						ProvisioningStyle = Automatic;
					};
				};
			};
			buildConfigurationList = 5FF802441FC6900D00BD1019 /* Build configuration list for PBXProject "One-image Viewer" */;
			compatibilityVersion = "Xcode 8.0";
			developmentRegion = en;
			hasScannedForEncodings = 0;
			knownRegions = (
				en,
				Base,
			);
			mainGroup = 5FF802401FC6900D00BD1019;
			productRefGroup = 5FF8024A1FC6900D00BD1019 /* Products */;
			projectDirPath = "";
			projectRoot = "";
			targets = (
				5FF802481FC6900D00BD1019 /* One-image Viewer */,
			);
		};
/* End PBXProject section */

/* Begin PBXResourcesBuildPhase section */
		5FF802471FC6900D00BD1019 /* Resources */ = {
			isa = PBXResourcesBuildPhase;
			buildActionMask = 2147483647;
			files = (
				5FF802571FC6900D00BD1019 /* LaunchScreen.storyboard in Resources */,
				5FF802541FC6900D00BD1019 /* Assets.xcassets in Resources */,
				5FF802521FC6900D00BD1019 /* Main.storyboard in Resources */,
			);
			runOnlyForDeploymentPostprocessing = 0;
		};
/* End PBXResourcesBuildPhase section */

/* Begin PBXSourcesBuildPhase section */
		5FF802451FC6900D00BD1019 /* Sources */ = {
			isa = PBXSourcesBuildPhase;
			buildActionMask = 2147483647;
			files = (
				5FF802611FC6BB4600BD1019 /* Photo.swift in Sources */,
				5FF8024F1FC6900D00BD1019 /* ZoomInViewController.swift in Sources */,
				5FF8024D1FC6900D00BD1019 /* AppDelegate.swift in Sources */,
				5FF802631FC6BEFC00BD1019 /* SelectPhotoTableViewCell.swift in Sources */,
				5FF8025F1FC6B8C900BD1019 /* SelectPhotoTableViewController.swift in Sources */,
			);
			runOnlyForDeploymentPostprocessing = 0;
		};
/* End PBXSourcesBuildPhase section */

/* Begin PBXVariantGroup section */
		5FF802501FC6900D00BD1019 /* Main.storyboard */ = {
			isa = PBXVariantGroup;
			children = (
				5FF802511FC6900D00BD1019 /* Base */,
			);
			name = Main.storyboard;
			sourceTree = "<group>";
		};
		5FF802551FC6900D00BD1019 /* LaunchScreen.storyboard */ = {
			isa = PBXVariantGroup;
			children = (
				5FF802561FC6900D00BD1019 /* Base */,
			);
			name = LaunchScreen.storyboard;
			sourceTree = "<group>";
		};
/* End PBXVariantGroup section */

/* Begin XCBuildConfiguration section */
		5FF802591FC6900D00BD1019 /* Debug */ = {
			isa = XCBuildConfiguration;
			buildSettings = {
				ALWAYS_SEARCH_USER_PATHS = NO;
				CLANG_ANALYZER_NONNULL = YES;
				CLANG_ANALYZER_NUMBER_OBJECT_CONVERSION = YES_AGGRESSIVE;
				CLANG_CXX_LANGUAGE_STANDARD = "gnu++14";
				CLANG_CXX_LIBRARY = "libc++";
				CLANG_ENABLE_MODULES = YES;
				CLANG_ENABLE_OBJC_ARC = YES;
				CLANG_WARN_BLOCK_CAPTURE_AUTORELEASING = YES;
				CLANG_WARN_BOOL_CONVERSION = YES;
				CLANG_WARN_COMMA = YES;
				CLANG_WARN_CONSTANT_CONVERSION = YES;
				CLANG_WARN_DIRECT_OBJC_ISA_USAGE = YES_ERROR;
				CLANG_WARN_DOCUMENTATION_COMMENTS = YES;
				CLANG_WARN_EMPTY_BODY = YES;
				CLANG_WARN_ENUM_CONVERSION = YES;
				CLANG_WARN_INFINITE_RECURSION = YES;
				CLANG_WARN_INT_CONVERSION = YES;
				CLANG_WARN_NON_LITERAL_NULL_CONVERSION = YES;
				CLANG_WARN_OBJC_LITERAL_CONVERSION = YES;
				CLANG_WARN_OBJC_ROOT_CLASS = YES_ERROR;
				CLANG_WARN_RANGE_LOOP_ANALYSIS = YES;
				CLANG_WARN_STRICT_PROTOTYPES = YES;
				CLANG_WARN_SUSPICIOUS_MOVE = YES;
				CLANG_WARN_UNGUARDED_AVAILABILITY = YES_AGGRESSIVE;
				CLANG_WARN_UNREACHABLE_CODE = YES;
				CLANG_WARN__DUPLICATE_METHOD_MATCH = YES;
				CODE_SIGN_IDENTITY = "iPhone Developer";
				COPY_PHASE_STRIP = NO;
				DEBUG_INFORMATION_FORMAT = dwarf;
				ENABLE_STRICT_OBJC_MSGSEND = YES;
				ENABLE_TESTABILITY = YES;
				GCC_C_LANGUAGE_STANDARD = gnu11;
				GCC_DYNAMIC_NO_PIC = NO;
				GCC_NO_COMMON_BLOCKS = YES;
				GCC_OPTIMIZATION_LEVEL = 0;
				GCC_PREPROCESSOR_DEFINITIONS = (
					"DEBUG=1",
					"$(inherited)",
				);
				GCC_WARN_64_TO_32_BIT_CONVERSION = YES;
				GCC_WARN_ABOUT_RETURN_TYPE = YES_ERROR;
				GCC_WARN_UNDECLARED_SELECTOR = YES;
				GCC_WARN_UNINITIALIZED_AUTOS = YES_AGGRESSIVE;
				GCC_WARN_UNUSED_FUNCTION = YES;
				GCC_WARN_UNUSED_VARIABLE = YES;
				IPHONEOS_DEPLOYMENT_TARGET = 11.1;
				MTL_ENABLE_DEBUG_INFO = YES;
				ONLY_ACTIVE_ARCH = YES;
				SDKROOT = iphoneos;
				SWIFT_ACTIVE_COMPILATION_CONDITIONS = DEBUG;
				SWIFT_OPTIMIZATION_LEVEL = "-Onone";
			};
			name = Debug;
		};
		5FF8025A1FC6900D00BD1019 /* Release */ = {
			isa = XCBuildConfiguration;
			buildSettings = {
				ALWAYS_SEARCH_USER_PATHS = NO;
				CLANG_ANALYZER_NONNULL = YES;
				CLANG_ANALYZER_NUMBER_OBJECT_CONVERSION = YES_AGGRESSIVE;
				CLANG_CXX_LANGUAGE_STANDARD = "gnu++14";
				CLANG_CXX_LIBRARY = "libc++";
				CLANG_ENABLE_MODULES = YES;
				CLANG_ENABLE_OBJC_ARC = YES;
				CLANG_WARN_BLOCK_CAPTURE_AUTORELEASING = YES;
				CLANG_WARN_BOOL_CONVERSION = YES;
				CLANG_WARN_COMMA = YES;
				CLANG_WARN_CONSTANT_CONVERSION = YES;
				CLANG_WARN_DIRECT_OBJC_ISA_USAGE = YES_ERROR;
				CLANG_WARN_DOCUMENTATION_COMMENTS = YES;
				CLANG_WARN_EMPTY_BODY = YES;
				CLANG_WARN_ENUM_CONVERSION = YES;
				CLANG_WARN_INFINITE_RECURSION = YES;
				CLANG_WARN_INT_CONVERSION = YES;
				CLANG_WARN_NON_LITERAL_NULL_CONVERSION = YES;
				CLANG_WARN_OBJC_LITERAL_CONVERSION = YES;
				CLANG_WARN_OBJC_ROOT_CLASS = YES_ERROR;
				CLANG_WARN_RANGE_LOOP_ANALYSIS = YES;
				CLANG_WARN_STRICT_PROTOTYPES = YES;
				CLANG_WARN_SUSPICIOUS_MOVE = YES;
				CLANG_WARN_UNGUARDED_AVAILABILITY = YES_AGGRESSIVE;
				CLANG_WARN_UNREACHABLE_CODE = YES;
				CLANG_WARN__DUPLICATE_METHOD_MATCH = YES;
				CODE_SIGN_IDENTITY = "iPhone Developer";
				COPY_PHASE_STRIP = NO;
				DEBUG_INFORMATION_FORMAT = "dwarf-with-dsym";
				ENABLE_NS_ASSERTIONS = NO;
				ENABLE_STRICT_OBJC_MSGSEND = YES;
				GCC_C_LANGUAGE_STANDARD = gnu11;
				GCC_NO_COMMON_BLOCKS = YES;
				GCC_WARN_64_TO_32_BIT_CONVERSION = YES;
				GCC_WARN_ABOUT_RETURN_TYPE = YES_ERROR;
				GCC_WARN_UNDECLARED_SELECTOR = YES;
				GCC_WARN_UNINITIALIZED_AUTOS = YES_AGGRESSIVE;
				GCC_WARN_UNUSED_FUNCTION = YES;
				GCC_WARN_UNUSED_VARIABLE = YES;
				IPHONEOS_DEPLOYMENT_TARGET = 11.1;
				MTL_ENABLE_DEBUG_INFO = NO;
				SDKROOT = iphoneos;
				SWIFT_OPTIMIZATION_LEVEL = "-Owholemodule";
				VALIDATE_PRODUCT = YES;
			};
			name = Release;
		};
		5FF8025C1FC6900D00BD1019 /* Debug */ = {
			isa = XCBuildConfiguration;
			buildSettings = {
				ASSETCATALOG_COMPILER_APPICON_NAME = AppIcon;
				CODE_SIGN_STYLE = Automatic;
				DEVELOPMENT_TEAM = Y2WQVV8TP4;
				INFOPLIST_FILE = "One-image Viewer/Info.plist";
				LD_RUNPATH_SEARCH_PATHS = "$(inherited) @executable_path/Frameworks";
				PRODUCT_BUNDLE_IDENTIFIER = "com.riverciao.One-image-Viewer";
				PRODUCT_NAME = "$(TARGET_NAME)";
				SWIFT_VERSION = 4.0;
				TARGETED_DEVICE_FAMILY = "1,2";
			};
			name = Debug;
		};
		5FF8025D1FC6900D00BD1019 /* Release */ = {
			isa = XCBuildConfiguration;
			buildSettings = {
				ASSETCATALOG_COMPILER_APPICON_NAME = AppIcon;
				CODE_SIGN_STYLE = Automatic;
				DEVELOPMENT_TEAM = Y2WQVV8TP4;
				INFOPLIST_FILE = "One-image Viewer/Info.plist";
				LD_RUNPATH_SEARCH_PATHS = "$(inherited) @executable_path/Frameworks";
				PRODUCT_BUNDLE_IDENTIFIER = "com.riverciao.One-image-Viewer";
				PRODUCT_NAME = "$(TARGET_NAME)";
				SWIFT_VERSION = 4.0;
				TARGETED_DEVICE_FAMILY = "1,2";
			};
			name = Release;
		};
/* End XCBuildConfiguration section */

/* Begin XCConfigurationList section */
		5FF802441FC6900D00BD1019 /* Build configuration list for PBXProject "One-image Viewer" */ = {
			isa = XCConfigurationList;
			buildConfigurations = (
				5FF802591FC6900D00BD1019 /* Debug */,
				5FF8025A1FC6900D00BD1019 /* Release */,
			);
			defaultConfigurationIsVisible = 0;
			defaultConfigurationName = Release;
		};
		5FF8025B1FC6900D00BD1019 /* Build configuration list for PBXNativeTarget "One-image Viewer" */ = {
			isa = XCConfigurationList;
			buildConfigurations = (
				5FF8025C1FC6900D00BD1019 /* Debug */,
				5FF8025D1FC6900D00BD1019 /* Release */,
			);
			defaultConfigurationIsVisible = 0;
			defaultConfigurationName = Release;
		};
/* End XCConfigurationList section */
	};
	rootObject = 5FF802411FC6900D00BD1019 /* Project object */;
}
